
Microsoft Visual Studio Solution File, Format Version 12.00
# Visual Studio Version 17
VisualStudioVersion = 17.0.31903.59
MinimumVisualStudioVersion = 10.0.40219.1
Project("{2150E333-8FDC-42A3-9474-1A3956D46DE8}") = "src", "src", "{5963B8FA-2BCD-4252-9FC6-0FCC0C19F13B}"
EndProject
Project("{2150E333-8FDC-42A3-9474-1A3956D46DE8}") = "Core", "Core", "{E16BE811-8A18-499F-A4E2-93EFF7BE8A93}"
EndProject
Project("{FAE04EC0-301F-11D3-BF4B-00C04F79EFBC}") = "Blog.Application", "src\Core\Blog.Application\Blog.Application.csproj", "{078FB160-8FBB-4400-9004-431A8E4F33AA}"
EndProject
Project("{FAE04EC0-301F-11D3-BF4B-00C04F79EFBC}") = "Blog.Domain", "src\Core\Blog.Domain\Blog.Domain.csproj", "{6079CC16-6E2F-4A36-878A-F69AEFC73823}"
EndProject
Project("{2150E333-8FDC-42A3-9474-1A3956D46DE8}") = "Infrastructure", "Infrastructure", "{3FB8D3EE-34C1-43F9-A3EC-E654D008BE63}"
EndProject
Project("{FAE04EC0-301F-11D3-BF4B-00C04F79EFBC}") = "Blog.Infrastructure", "src\Infrastructure\Blog.Infrastructure\Blog.Infrastructure.csproj", "{BBC3F965-83BD-4176-8FF9-1DD6FAB3A4AE}"
EndProject
Project("{FAE04EC0-301F-11D3-BF4B-00C04F79EFBC}") = "Blog.Persistence", "src\Infrastructure\Blog.Persistence\Blog.Persistence.csproj", "{BCA8BFBC-61B5-498C-988B-74B17B173A01}"
EndProject
Project("{2150E333-8FDC-42A3-9474-1A3956D46DE8}") = "Presentation", "Presentation", "{25DABBC8-6BB0-411A-8B49-7F236BA93E59}"
EndProject
Project("{FAE04EC0-301F-11D3-BF4B-00C04F79EFBC}") = "Blog.WebApi", "src\Presentation\Blog.WebApi\Blog.WebApi.csproj", "{6B5B8811-5BB8-4F27-AC17-62F4425BBC8B}"
EndProject
Project("{2150E333-8FDC-42A3-9474-1A3956D46DE8}") = "Shared", "Shared", "{CCD914DA-AEAB-48D9-99B3-DC59D64E0D62}"
EndProject
Project("{FAE04EC0-301F-11D3-BF4B-00C04F79EFBC}") = "Blog.Shared", "src\Shared\Blog.Shared\Blog.Shared.csproj", "{D368E08B-9E0A-45D6-B371-BE3A2CB7775F}"
EndProject
Project("{2150E333-8FDC-42A3-9474-1A3956D46DE8}") = "tests", "tests", "{6EB9027F-3549-4E8F-A808-86B2AA8D7AED}"
EndProject
Project("{FAE04EC0-301F-11D3-BF4B-00C04F79EFBC}") = "Blog.Tests", "tests\Blog.Tests\Blog.Tests.csproj", "{22B7AEDE-AC6E-4857-BED8-ED4903824B8F}"
EndProject
Global
	GlobalSection(SolutionConfigurationPlatforms) = preSolution
		Debug|Any CPU = Debug|Any CPU
		Release|Any CPU = Release|Any CPU
	EndGlobalSection
	GlobalSection(SolutionProperties) = preSolution
		HideSolutionNode = FALSE
	EndGlobalSection
	GlobalSection(ProjectConfigurationPlatforms) = postSolution
		{078FB160-8FBB-4400-9004-431A8E4F33AA}.Debug|Any CPU.ActiveCfg = Debug|Any CPU
		{078FB160-8FBB-4400-9004-431A8E4F33AA}.Debug|Any CPU.Build.0 = Debug|Any CPU
		{078FB160-8FBB-4400-9004-431A8E4F33AA}.Release|Any CPU.ActiveCfg = Release|Any CPU
		{078FB160-8FBB-4400-9004-431A8E4F33AA}.Release|Any CPU.Build.0 = Release|Any CPU
		{6079CC16-6E2F-4A36-878A-F69AEFC73823}.Debug|Any CPU.ActiveCfg = Debug|Any CPU
		{6079CC16-6E2F-4A36-878A-F69AEFC73823}.Debug|Any CPU.Build.0 = Debug|Any CPU
		{6079CC16-6E2F-4A36-878A-F69AEFC73823}.Release|Any CPU.ActiveCfg = Release|Any CPU
		{6079CC16-6E2F-4A36-878A-F69AEFC73823}.Release|Any CPU.Build.0 = Release|Any CPU
		{BBC3F965-83BD-4176-8FF9-1DD6FAB3A4AE}.Debug|Any CPU.ActiveCfg = Debug|Any CPU
		{BBC3F965-83BD-4176-8FF9-1DD6FAB3A4AE}.Debug|Any CPU.Build.0 = Debug|Any CPU
		{BBC3F965-83BD-4176-8FF9-1DD6FAB3A4AE}.Release|Any CPU.ActiveCfg = Release|Any CPU
		{BBC3F965-83BD-4176-8FF9-1DD6FAB3A4AE}.Release|Any CPU.Build.0 = Release|Any CPU
		{BCA8BFBC-61B5-498C-988B-74B17B173A01}.Debug|Any CPU.ActiveCfg = Debug|Any CPU
		{BCA8BFBC-61B5-498C-988B-74B17B173A01}.Debug|Any CPU.Build.0 = Debug|Any CPU
		{BCA8BFBC-61B5-498C-988B-74B17B173A01}.Release|Any CPU.ActiveCfg = Release|Any CPU
		{BCA8BFBC-61B5-498C-988B-74B17B173A01}.Release|Any CPU.Build.0 = Release|Any CPU
		{6B5B8811-5BB8-4F27-AC17-62F4425BBC8B}.Debug|Any CPU.ActiveCfg = Debug|Any CPU
		{6B5B8811-5BB8-4F27-AC17-62F4425BBC8B}.Debug|Any CPU.Build.0 = Debug|Any CPU
		{6B5B8811-5BB8-4F27-AC17-62F4425BBC8B}.Release|Any CPU.ActiveCfg = Release|Any CPU
		{6B5B8811-5BB8-4F27-AC17-62F4425BBC8B}.Release|Any CPU.Build.0 = Release|Any CPU
		{D368E08B-9E0A-45D6-B371-BE3A2CB7775F}.Debug|Any CPU.ActiveCfg = Debug|Any CPU
		{D368E08B-9E0A-45D6-B371-BE3A2CB7775F}.Debug|Any CPU.Build.0 = Debug|Any CPU
		{D368E08B-9E0A-45D6-B371-BE3A2CB7775F}.Release|Any CPU.ActiveCfg = Release|Any CPU
		{D368E08B-9E0A-45D6-B371-BE3A2CB7775F}.Release|Any CPU.Build.0 = Release|Any CPU
		{22B7AEDE-AC6E-4857-BED8-ED4903824B8F}.Debug|Any CPU.ActiveCfg = Debug|Any CPU
		{22B7AEDE-AC6E-4857-BED8-ED4903824B8F}.Debug|Any CPU.Build.0 = Debug|Any CPU
		{22B7AEDE-AC6E-4857-BED8-ED4903824B8F}.Release|Any CPU.ActiveCfg = Release|Any CPU
		{22B7AEDE-AC6E-4857-BED8-ED4903824B8F}.Release|Any CPU.Build.0 = Release|Any CPU
	EndGlobalSection
	GlobalSection(NestedProjects) = preSolution
		{E16BE811-8A18-499F-A4E2-93EFF7BE8A93} = {5963B8FA-2BCD-4252-9FC6-0FCC0C19F13B}
		{078FB160-8FBB-4400-9004-431A8E4F33AA} = {E16BE811-8A18-499F-A4E2-93EFF7BE8A93}
		{6079CC16-6E2F-4A36-878A-F69AEFC73823} = {E16BE811-8A18-499F-A4E2-93EFF7BE8A93}
		{3FB8D3EE-34C1-43F9-A3EC-E654D008BE63} = {5963B8FA-2BCD-4252-9FC6-0FCC0C19F13B}
		{BBC3F965-83BD-4176-8FF9-1DD6FAB3A4AE} = {3FB8D3EE-34C1-43F9-A3EC-E654D008BE63}
		{BCA8BFBC-61B5-498C-988B-74B17B173A01} = {3FB8D3EE-34C1-43F9-A3EC-E654D008BE63}
		{25DABBC8-6BB0-411A-8B49-7F236BA93E59} = {5963B8FA-2BCD-4252-9FC6-0FCC0C19F13B}
		{6B5B8811-5BB8-4F27-AC17-62F4425BBC8B} = {25DABBC8-6BB0-411A-8B49-7F236BA93E59}
		{CCD914DA-AEAB-48D9-99B3-DC59D64E0D62} = {5963B8FA-2BCD-4252-9FC6-0FCC0C19F13B}
		{D368E08B-9E0A-45D6-B371-BE3A2CB7775F} = {CCD914DA-AEAB-48D9-99B3-DC59D64E0D62}
		{22B7AEDE-AC6E-4857-BED8-ED4903824B8F} = {6EB9027F-3549-4E8F-A808-86B2AA8D7AED}
	EndGlobalSection
EndGlobal
